
Microsoft Visual Studio Solution File, Format Version 12.00
# Visual Studio Version 16
VisualStudioVersion = 16.0.29920.165
MinimumVisualStudioVersion = 10.0.40219.1
Project("{2150E333-8FDC-42A3-9474-1A3956D46DE8}") = "proto", "proto", "{6E09FC02-61CE-4207-8E9D-0184B9AF7E46}"
	ProjectSection(SolutionItems) = preProject
		temp.proto = temp.proto
		watch.proto = watch.proto
	EndProjectSection
EndProject
Project("{FAE04EC0-301F-11D3-BF4B-00C04F79EFBC}") = "client", "client\client.csproj", "{61EEBA38-BD01-4E93-B37E-343A247B6186}"
EndProject
Project("{FAE04EC0-301F-11D3-BF4B-00C04F79EFBC}") = "server", "server\server.csproj", "{9779C5AF-271F-4B8F-8390-0EFF75555702}"
EndProject
Project("{FAE04EC0-301F-11D3-BF4B-00C04F79EFBC}") = "thermostat_client", "thermostat_client\thermostat_client.csproj", "{A6285748-1311-47DD-A3B8-4FD3ACA6D605}"
EndProject
Project("{FAE04EC0-301F-11D3-BF4B-00C04F79EFBC}") = "thermostat_server", "thermostat_server\thermostat_server.csproj", "{B6E3108D-C245-4CBB-94AB-C9584CFDAF99}"
EndProject
Global
	GlobalSection(SolutionConfigurationPlatforms) = preSolution
		Debug|Any CPU = Debug|Any CPU
		Release|Any CPU = Release|Any CPU
	EndGlobalSection
	GlobalSection(ProjectConfigurationPlatforms) = postSolution
		{61EEBA38-BD01-4E93-B37E-343A247B6186}.Debug|Any CPU.ActiveCfg = Debug|Any CPU
		{61EEBA38-BD01-4E93-B37E-343A247B6186}.Debug|Any CPU.Build.0 = Debug|Any CPU
		{61EEBA38-BD01-4E93-B37E-343A247B6186}.Release|Any CPU.ActiveCfg = Release|Any CPU
		{61EEBA38-BD01-4E93-B37E-343A247B6186}.Release|Any CPU.Build.0 = Release|Any CPU
		{9779C5AF-271F-4B8F-8390-0EFF75555702}.Debug|Any CPU.ActiveCfg = Debug|Any CPU
		{9779C5AF-271F-4B8F-8390-0EFF75555702}.Debug|Any CPU.Build.0 = Debug|Any CPU
		{9779C5AF-271F-4B8F-8390-0EFF75555702}.Release|Any CPU.ActiveCfg = Release|Any CPU
		{9779C5AF-271F-4B8F-8390-0EFF75555702}.Release|Any CPU.Build.0 = Release|Any CPU
		{A6285748-1311-47DD-A3B8-4FD3ACA6D605}.Debug|Any CPU.ActiveCfg = Debug|Any CPU
		{A6285748-1311-47DD-A3B8-4FD3ACA6D605}.Debug|Any CPU.Build.0 = Debug|Any CPU
		{A6285748-1311-47DD-A3B8-4FD3ACA6D605}.Release|Any CPU.ActiveCfg = Release|Any CPU
		{A6285748-1311-47DD-A3B8-4FD3ACA6D605}.Release|Any CPU.Build.0 = Release|Any CPU
		{B6E3108D-C245-4CBB-94AB-C9584CFDAF99}.Debug|Any CPU.ActiveCfg = Debug|Any CPU
		{B6E3108D-C245-4CBB-94AB-C9584CFDAF99}.Debug|Any CPU.Build.0 = Debug|Any CPU
		{B6E3108D-C245-4CBB-94AB-C9584CFDAF99}.Release|Any CPU.ActiveCfg = Release|Any CPU
		{B6E3108D-C245-4CBB-94AB-C9584CFDAF99}.Release|Any CPU.Build.0 = Release|Any CPU
	EndGlobalSection
	GlobalSection(SolutionProperties) = preSolution
		HideSolutionNode = FALSE
	EndGlobalSection
	GlobalSection(ExtensibilityGlobals) = postSolution
		SolutionGuid = {6B9480A5-6381-4BAA-92D7-87AD45B7766D}
	EndGlobalSection
EndGlobal
